{
  "pins" : [
    {
      "identity" : "sdwebimage",
      "kind" : "remoteSourceControl",
      "location" : "https://github.com/SDWebImage/SDWebImage",
      "state" : {
        "branch" : "master",
        "revision" : "507225ea04876894856186af6d3c30a9e8c1200a"
      }
    }
  ],
  "version" : 2
}
